
Microsoft Visual Studio Solution File, Format Version 12.00
# Visual Studio Version 17
VisualStudioVersion = 17.7.34024.191
MinimumVisualStudioVersion = 10.0.40219.1
Project("{FAE04EC0-301F-11D3-BF4B-00C04F79EFBC}") = "Lab05.GUI", "Lab05.GUI.csproj", "{1767029F-DBBD-485F-BD92-B2B2D608EB2A}"
EndProject
Project("{FAE04EC0-301F-11D3-BF4B-00C04F79EFBC}") = "Lab05.BUS", "..\Lab05.BUS\Lab05.BUS.csproj", "{98B2F2E6-5CCA-4306-BDAF-6941EC2F200F}"
EndProject
Project("{FAE04EC0-301F-11D3-BF4B-00C04F79EFBC}") = "Lab05.DAL", "..\Lab05.DAL\Lab05.DAL.csproj", "{87C54D16-7D28-4051-B3AA-1790EE24A5BF}"
EndProject
Global
	GlobalSection(SolutionConfigurationPlatforms) = preSolution
		Debug|Any CPU = Debug|Any CPU
		Release|Any CPU = Release|Any CPU
	EndGlobalSection
	GlobalSection(ProjectConfigurationPlatforms) = postSolution
		{1767029F-DBBD-485F-BD92-B2B2D608EB2A}.Debug|Any CPU.ActiveCfg = Debug|Any CPU
		{1767029F-DBBD-485F-BD92-B2B2D608EB2A}.Debug|Any CPU.Build.0 = Debug|Any CPU
		{1767029F-DBBD-485F-BD92-B2B2D608EB2A}.Release|Any CPU.ActiveCfg = Release|Any CPU
		{1767029F-DBBD-485F-BD92-B2B2D608EB2A}.Release|Any CPU.Build.0 = Release|Any CPU
		{98B2F2E6-5CCA-4306-BDAF-6941EC2F200F}.Debug|Any CPU.ActiveCfg = Debug|Any CPU
		{98B2F2E6-5CCA-4306-BDAF-6941EC2F200F}.Debug|Any CPU.Build.0 = Debug|Any CPU
		{98B2F2E6-5CCA-4306-BDAF-6941EC2F200F}.Release|Any CPU.ActiveCfg = Release|Any CPU
		{98B2F2E6-5CCA-4306-BDAF-6941EC2F200F}.Release|Any CPU.Build.0 = Release|Any CPU
		{87C54D16-7D28-4051-B3AA-1790EE24A5BF}.Debug|Any CPU.ActiveCfg = Debug|Any CPU
		{87C54D16-7D28-4051-B3AA-1790EE24A5BF}.Debug|Any CPU.Build.0 = Debug|Any CPU
		{87C54D16-7D28-4051-B3AA-1790EE24A5BF}.Release|Any CPU.ActiveCfg = Release|Any CPU
		{87C54D16-7D28-4051-B3AA-1790EE24A5BF}.Release|Any CPU.Build.0 = Release|Any CPU
	EndGlobalSection
	GlobalSection(SolutionProperties) = preSolution
		HideSolutionNode = FALSE
	EndGlobalSection
	GlobalSection(ExtensibilityGlobals) = postSolution
		SolutionGuid = {E7AC8D98-91C3-4756-ADA8-D247D61291A8}
	EndGlobalSection
EndGlobal
